# This file is generated by running "yarn install" inside your project.
# Manual changes might be lost - proceed with caution!

__metadata:
  version: 6
  cacheKey: 10c0

"@cspotcode/source-map-support@npm:^0.8.0":
  version: 0.8.1
  resolution: "@cspotcode/source-map-support@npm:0.8.1"
  dependencies:
    "@jridgewell/trace-mapping": "npm:0.3.9"
  checksum: 05c5368c13b662ee4c122c7bfbe5dc0b613416672a829f3e78bc49a357a197e0218d6e74e7c66cfcd04e15a179acab080bd3c69658c9fbefd0e1ccd950a07fc6
  languageName: node
  linkType: hard

"@jridgewell/resolve-uri@npm:^3.0.3":
  version: 3.1.0
  resolution: "@jridgewell/resolve-uri@npm:3.1.0"
  checksum: 78055e2526108331126366572045355051a930f017d1904a4f753d3f4acee8d92a14854948095626f6163cffc24ea4e3efa30637417bb866b84743dec7ef6fd9
  languageName: node
  linkType: hard

"@jridgewell/sourcemap-codec@npm:^1.4.10":
  version: 1.4.14
  resolution: "@jridgewell/sourcemap-codec@npm:1.4.14"
  checksum: 3fbaff1387c1338b097eeb6ff92890d7838f7de0dde259e4983763b44540bfd5ca6a1f7644dc8ad003a57f7e80670d5b96a8402f1386ba9aee074743ae9bad51
  languageName: node
  linkType: hard

"@jridgewell/trace-mapping@npm:0.3.9":
  version: 0.3.9
  resolution: "@jridgewell/trace-mapping@npm:0.3.9"
  dependencies:
    "@jridgewell/resolve-uri": "npm:^3.0.3"
    "@jridgewell/sourcemap-codec": "npm:^1.4.10"
  checksum: fa425b606d7c7ee5bfa6a31a7b050dd5814b4082f318e0e4190f991902181b4330f43f4805db1dd4f2433fd0ed9cc7a7b9c2683f1deeab1df1b0a98b1e24055b
  languageName: node
  linkType: hard

"@tsconfig/node10@npm:^1.0.7":
  version: 1.0.8
  resolution: "@tsconfig/node10@npm:1.0.8"
  checksum: d400f7b5c02acd74620f892c0f41cea39e7c1b5f7f272ad6f127f4b1fba23346b2d8e30d272731a733675494145f6aa74f9faf050390c034c7c553123ab979b3
  languageName: node
  linkType: hard

"@tsconfig/node12@npm:^1.0.7":
  version: 1.0.9
  resolution: "@tsconfig/node12@npm:1.0.9"
  checksum: fc1fb68a89d8a641953036d23d95fe68f69f74d37a499db20791b09543ad23afe7ae9ee0840eea92dd470bdcba69eef6f1ed3fe90ba64d763bcd3f738e364597
  languageName: node
  linkType: hard

"@tsconfig/node14@npm:^1.0.0":
  version: 1.0.1
  resolution: "@tsconfig/node14@npm:1.0.1"
  checksum: abd4e27d9ad712e1e229716a3dbf35d5cbb580d624a82d67414e7606cefd85d502e58800a2ab930d46a428fcfcb199436283b1a88e47d738ca1a5f7fd022ee74
  languageName: node
  linkType: hard

"@tsconfig/node16@npm:^1.0.2":
  version: 1.0.2
  resolution: "@tsconfig/node16@npm:1.0.2"
  checksum: d402706562444a173d48810d13fdf866c78f1b876ed8962eeac6c7cddf4e29e8aaa06dc28093219e3e9eb6316799cf4d9a7acba62c6a4e215ee0c94d83f9081f
  languageName: node
  linkType: hard

"@types/dateformat@npm:3.0.1":
  version: 3.0.1
  resolution: "@types/dateformat@npm:3.0.1"
  checksum: f0cbd170987ede1fb4b541f1471de7eb722577b391ba3209df6e6840f32cb3ec2be8a8a5e00ff364834429d16bc341472087d91a960b903f331f5c44073af9a4
  languageName: node
  linkType: hard

"@types/fs-extra@npm:11.0.4":
  version: 11.0.4
  resolution: "@types/fs-extra@npm:11.0.4"
  dependencies:
    "@types/jsonfile": "npm:*"
    "@types/node": "npm:*"
  checksum: 9e34f9b24ea464f3c0b18c3f8a82aefc36dc524cc720fc2b886e5465abc66486ff4e439ea3fb2c0acebf91f6d3f74e514f9983b1f02d4243706bdbb7511796ad
  languageName: node
  linkType: hard

"@types/jsonfile@npm:*":
  version: 6.1.4
  resolution: "@types/jsonfile@npm:6.1.4"
  dependencies:
    "@types/node": "npm:*"
  checksum: b12d068b021e4078f6ac4441353965769be87acf15326173e2aea9f3bf8ead41bd0ad29421df5bbeb0123ec3fc02eb0a734481d52903704a1454a1845896b9eb
  languageName: node
  linkType: hard

"@types/lodash-es@npm:4.17.12":
  version: 4.17.12
  resolution: "@types/lodash-es@npm:4.17.12"
  dependencies:
    "@types/lodash": "npm:*"
  checksum: 5d12d2cede07f07ab067541371ed1b838a33edb3c35cb81b73284e93c6fd0c4bbeaefee984e69294bffb53f62d7272c5d679fdba8e595ff71e11d00f2601dde0
  languageName: node
  linkType: hard

"@types/lodash@npm:*":
  version: 4.14.182
  resolution: "@types/lodash@npm:4.14.182"
  checksum: d6bd4789dfb3be631d5e3277e6a1be5becb21440f3364f5d15b982c2e6b6bb1f8048d46fc5bff5ef0f90bebaf4d07c49b2919ba369d07af72d3beb3fea70c61a
  languageName: node
  linkType: hard

"@types/node@npm:*":
  version: 16.10.3
  resolution: "@types/node@npm:16.10.3"
  checksum: 8d6a81dc5b5d5dd2a7c7025b378f9d1c7a212bb1ebbf048070988d7b2f66b51278dc462090403a9a882dc305d3086ce61979a3f2ff2c4930b62831494c8f6abd
  languageName: node
  linkType: hard

"@types/node@npm:20.11.0":
  version: 20.11.0
  resolution: "@types/node@npm:20.11.0"
  dependencies:
    undici-types: "npm:~5.26.4"
  checksum: 560aa850dfccb83326f9cba125459f6c3fb0c71ec78f22c61e4d248f1df78bd25fd6792cef573dfbdc49c882f8e38bb1a82ca87e0e28ff2513629c704c2b02af
  languageName: node
  linkType: hard

"@types/semver@npm:7.5.6":
  version: 7.5.6
  resolution: "@types/semver@npm:7.5.6"
  checksum: 196dc32db5f68cbcde2e6a42bb4aa5cbb100fa2b7bd9c8c82faaaf3e03fbe063e205dbb4f03c7cdf53da2edb70a0d34c9f2e601b54281b377eb8dc1743226acd
  languageName: node
  linkType: hard

"acorn-walk@npm:^8.1.1":
  version: 8.2.0
  resolution: "acorn-walk@npm:8.2.0"
  checksum: dbe92f5b2452c93e960c5594e666dd1fae141b965ff2cb4a1e1d0381e3e4db4274c5ce4ffa3d681a86ca2a8d4e29d5efc0670a08e23fd2800051ea387df56ca2
  languageName: node
  linkType: hard

"acorn@npm:^8.4.1":
  version: 8.5.0
  resolution: "acorn@npm:8.5.0"
  bin:
    acorn: bin/acorn
  checksum: a0cd0009d215df0c5a6c69ea40a5e784114f1b89d5649d663264ccbb855d4c6b6da6936fed607078b7d681bd8d8f2e730dad25931edbdef709bc4b520c0caa80
  languageName: node
  linkType: hard

"arg@npm:^4.1.0":
  version: 4.1.3
  resolution: "arg@npm:4.1.3"
  checksum: 070ff801a9d236a6caa647507bdcc7034530604844d64408149a26b9e87c2f97650055c0f049abd1efc024b334635c01f29e0b632b371ac3f26130f4cf65997a
  languageName: node
  linkType: hard

"chalk@npm:5.2.0":
  version: 5.2.0
  resolution: "chalk@npm:5.2.0"
  checksum: 8a519b35c239f96e041b7f1ed8fdd79d3ca2332a8366cb957378b8a1b8a4cdfb740d19628e8bf74654d4c0917aa10cf39c20752e177a1304eac29a1168a740e9
  languageName: node
  linkType: hard

"create-require@npm:^1.1.0":
  version: 1.1.1
  resolution: "create-require@npm:1.1.1"
  checksum: 157cbc59b2430ae9a90034a5f3a1b398b6738bf510f713edc4d4e45e169bc514d3d99dd34d8d01ca7ae7830b5b8b537e46ae8f3c8f932371b0875c0151d7ec91
  languageName: node
  linkType: hard

"dateformat@npm:4.5.1":
  version: 4.5.1
  resolution: "dateformat@npm:4.5.1"
  checksum: b8a0729386254f8e1633b552f156160777302f91cd81bba3dc91641b80ce2ea7f330e2980e95ee460e079fb4d7d1b821ef8562f38dc2b461c7101db9b503f504
  languageName: node
  linkType: hard

"diff@npm:^4.0.1":
  version: 4.0.2
  resolution: "diff@npm:4.0.2"
  checksum: 81b91f9d39c4eaca068eb0c1eb0e4afbdc5bb2941d197f513dd596b820b956fef43485876226d65d497bebc15666aa2aa82c679e84f65d5f2bfbf14ee46e32c1
  languageName: node
  linkType: hard

"fs-extra@npm:11.2.0":
  version: 11.2.0
  resolution: "fs-extra@npm:11.2.0"
  dependencies:
    graceful-fs: "npm:^4.2.0"
    jsonfile: "npm:^6.0.1"
    universalify: "npm:^2.0.0"
  checksum: d77a9a9efe60532d2e790e938c81a02c1b24904ef7a3efb3990b835514465ba720e99a6ea56fd5e2db53b4695319b644d76d5a0e9988a2beef80aa7b1da63398
  languageName: node
  linkType: hard

"graceful-fs@npm:^4.1.6, graceful-fs@npm:^4.2.0":
  version: 4.2.8
  resolution: "graceful-fs@npm:4.2.8"
  checksum: 68365485460f7d2e95c05c1b7aeee935349f3b7776488d5bd95a45d8a45bd4977442e88cbbdb4ea01bc72f49f01f75d83f049069774ac8cc4328af4bcff1c542
  languageName: node
  linkType: hard

"jsonfile@npm:^6.0.1":
  version: 6.1.0
  resolution: "jsonfile@npm:6.1.0"
  dependencies:
    graceful-fs: "npm:^4.1.6"
    universalify: "npm:^2.0.0"
  dependenciesMeta:
    graceful-fs:
      optional: true
  checksum: 4f95b5e8a5622b1e9e8f33c96b7ef3158122f595998114d1e7f03985649ea99cb3cd99ce1ed1831ae94c8c8543ab45ebd044207612f31a56fd08462140e46865
  languageName: node
  linkType: hard

"lodash-es@npm:4.17.23":
  version: 4.17.23
  resolution: "lodash-es@npm:4.17.23"
  checksum: 8/b1bd1d141bbde8ffc72978e34b364065675806b0ca42ab99477d247fb2ae795faeed81db9283bf18ae1f096c2b6611ec0589e0503fa9724bf82e3dce947bad69
  languageName: node
  linkType: hard

"lru-cache@npm:^6.0.0":
  version: 6.0.0
  resolution: "lru-cache@npm:6.0.0"
  dependencies:
    yallist: "npm:^4.0.0"
  checksum: cb53e582785c48187d7a188d3379c181b5ca2a9c78d2bce3e7dee36f32761d1c42983da3fe12b55cb74e1779fa94cdc2e5367c028a9b35317184ede0c07a30a9
  languageName: node
  linkType: hard

"make-error@npm:^1.1.1":
  version: 1.3.6
  resolution: "make-error@npm:1.3.6"
  checksum: 171e458d86854c6b3fc46610cfacf0b45149ba043782558c6875d9f42f222124384ad0b468c92e996d815a8a2003817a710c0a160e49c1c394626f76fa45396f
  languageName: node
  linkType: hard

"marked@npm:3.0.4":
  version: 3.0.4
  resolution: "marked@npm:3.0.4"
  bin:
    marked: bin/marked
  checksum: 2c31fab4d3a65a84895ad26e25b238baf93453ff8344df83bf79f4940636fde5bd744747261eba468f773f21124d7da10b2cf40d4101dbe71aa885f04e61db7b
  languageName: node
  linkType: hard

"scripts@workspace:.":
  version: 0.0.0-use.local
  resolution: "scripts@workspace:."
  dependencies:
    "@types/dateformat": 3.0.1
    "@types/fs-extra": 11.0.4
    "@types/lodash-es": 4.17.12
    "@types/node": 20.11.0
    "@types/semver": 7.5.6
    chalk: 5.2.0
    dateformat: 4.5.1
    fs-extra: 11.2.0
    lodash-es: 4.17.23
    marked: 3.0.4
    semver: 7.5.4
    ts-node: 10.9.2
    tslib: 2.6.2
    typescript: 5.3.3
  languageName: unknown
  linkType: soft

"semver@npm:7.5.4":
  version: 7.5.4
  resolution: "semver@npm:7.5.4"
  dependencies:
    lru-cache: "npm:^6.0.0"
  bin:
    semver: bin/semver.js
  checksum: 5160b06975a38b11c1ab55950cb5b8a23db78df88275d3d8a42ccf1f29e55112ac995b3a26a522c36e3b5f76b0445f1eef70d696b8c7862a2b4303d7b0e7609e
  languageName: node
  linkType: hard

"ts-node@npm:10.9.2":
  version: 10.9.2
  resolution: "ts-node@npm:10.9.2"
  dependencies:
    "@cspotcode/source-map-support": "npm:^0.8.0"
    "@tsconfig/node10": "npm:^1.0.7"
    "@tsconfig/node12": "npm:^1.0.7"
    "@tsconfig/node14": "npm:^1.0.0"
    "@tsconfig/node16": "npm:^1.0.2"
    acorn: "npm:^8.4.1"
    acorn-walk: "npm:^8.1.1"
    arg: "npm:^4.1.0"
    create-require: "npm:^1.1.0"
    diff: "npm:^4.0.1"
    make-error: "npm:^1.1.1"
    v8-compile-cache-lib: "npm:^3.0.1"
    yn: "npm:3.1.1"
  peerDependencies:
    "@swc/core": ">=1.2.50"
    "@swc/wasm": ">=1.2.50"
    "@types/node": "*"
    typescript: ">=2.7"
  peerDependenciesMeta:
    "@swc/core":
      optional: true
    "@swc/wasm":
      optional: true
  bin:
    ts-node: dist/bin.js
    ts-node-cwd: dist/bin-cwd.js
    ts-node-esm: dist/bin-esm.js
    ts-node-script: dist/bin-script.js
    ts-node-transpile-only: dist/bin-transpile.js
    ts-script: dist/bin-script-deprecated.js
  checksum: 5f29938489f96982a25ba650b64218e83a3357d76f7bede80195c65ab44ad279c8357264639b7abdd5d7e75fc269a83daa0e9c62fd8637a3def67254ecc9ddc2
  languageName: node
  linkType: hard

"tslib@npm:2.6.2":
  version: 2.6.2
  resolution: "tslib@npm:2.6.2"
  checksum: e03a8a4271152c8b26604ed45535954c0a45296e32445b4b87f8a5abdb2421f40b59b4ca437c4346af0f28179780d604094eb64546bee2019d903d01c6c19bdb
  languageName: node
  linkType: hard

"typescript@npm:5.3.3":
  version: 5.3.3
  resolution: "typescript@npm:5.3.3"
  bin:
    tsc: bin/tsc
    tsserver: bin/tsserver
  checksum: e33cef99d82573624fc0f854a2980322714986bc35b9cb4d1ce736ed182aeab78e2cb32b385efa493b2a976ef52c53e20d6c6918312353a91850e2b76f1ea44f
  languageName: node
  linkType: hard

"typescript@patch:typescript@5.3.3#~builtin<compat/typescript>":
  version: 5.3.3
  resolution: "typescript@patch:typescript@npm%3A5.3.3#~builtin<compat/typescript>::version=5.3.3&hash=e012d7"
  bin:
    tsc: bin/tsc
    tsserver: bin/tsserver
  checksum: 8/4e604a9e107ce0c23b16a2f8d79d0531d4d8fe9ebbb7a8c395c66998c39892f0e0a071ef0b0d4e66420a8ec2b8d6cfd9cdb29ba24f25b37cba072e9282376df9
  languageName: node
  linkType: hard

"undici-types@npm:~5.26.4":
  version: 5.26.5
  resolution: "undici-types@npm:5.26.5"
  checksum: bb673d7876c2d411b6eb6c560e0c571eef4a01c1c19925175d16e3a30c4c428181fb8d7ae802a261f283e4166a0ac435e2f505743aa9e45d893f9a3df017b501
  languageName: node
  linkType: hard

"universalify@npm:^2.0.0":
  version: 2.0.0
  resolution: "universalify@npm:2.0.0"
  checksum: 07092b9f46df61b823d8ab5e57f0ee5120c178b39609a95e4a15a98c42f6b0b8e834e66fbb47ff92831786193be42f1fd36347169b88ce8639d0f9670af24a71
  languageName: node
  linkType: hard

"v8-compile-cache-lib@npm:^3.0.1":
  version: 3.0.1
  resolution: "v8-compile-cache-lib@npm:3.0.1"
  checksum: bdc36fb8095d3b41df197f5fb6f11e3a26adf4059df3213e3baa93810d8f0cc76f9a74aaefc18b73e91fe7e19154ed6f134eda6fded2e0f1c8d2272ed2d2d391
  languageName: node
  linkType: hard

"yallist@npm:^4.0.0":
  version: 4.0.0
  resolution: "yallist@npm:4.0.0"
  checksum: 2286b5e8dbfe22204ab66e2ef5cc9bbb1e55dfc873bbe0d568aa943eb255d131890dfd5bf243637273d31119b870f49c18fcde2c6ffbb7a7a092b870dc90625a
  languageName: node
  linkType: hard

"yn@npm:3.1.1":
  version: 3.1.1
  resolution: "yn@npm:3.1.1"
  checksum: 0732468dd7622ed8a274f640f191f3eaf1f39d5349a1b72836df484998d7d9807fbea094e2f5486d6b0cd2414aad5775972df0e68f8604db89a239f0f4bf7443
  languageName: node
  linkType: hard
