# This file is generated by running "yarn install" inside your project.
# Manual changes might be lost - proceed with caution!

__metadata:
  version: 8
  cacheKey: 10c0

"@changesets/assemble-release-plan@npm:^7.0.0":
  version: 7.0.0
  resolution: "@changesets/assemble-release-plan@npm:7.0.0"
  dependencies:
    "@changesets/errors": "npm:^1.0.0"
    "@changesets/get-dependents-graph": "npm:^3.0.0"
    "@changesets/should-skip-package": "npm:^1.0.0"
    "@changesets/types": "npm:^7.0.0"
    semver: "npm:^7.8.1"
  checksum: 10c0/2544759583889865487aec744e948c6d84206a42aa593430436ace83003fe00d3880ef623114c396cd5fd883eccb1e03fc4a719ba5c33038a8556df8fca4b9b7
  languageName: node
  linkType: hard

"@changesets/config@npm:^4.0.1":
  version: 4.0.1
  resolution: "@changesets/config@npm:4.0.1"
  dependencies:
    "@changesets/get-dependents-graph": "npm:^3.0.0"
    "@changesets/should-skip-package": "npm:^1.0.0"
    "@changesets/types": "npm:^7.0.0"
    "@manypkg/get-packages": "npm:^3.1.0"
    picomatch: "npm:^4.0.7"
  checksum: 10c0/959dbbb3ab9fab0427a8990cbe7d4465d9b67042c96108209c8110b7c5ccb2fc3303b75d5c024e911d3a51ca082d13d49a5091edf52014a2b8d69e89b58188ed
  languageName: node
  linkType: hard

"@changesets/errors@npm:^1.0.0":
  version: 1.0.0
  resolution: "@changesets/errors@npm:1.0.0"
  checksum: 10c0/502439fb046b9916e8a0745374c75fa80883b0bdeea92aa2e85be07b8675dcdb50df5bd108ce66eddbda1f8863be750bf817301c9d4904c2168305df870e3f9f
  languageName: node
  linkType: hard

"@changesets/get-dependents-graph@npm:^3.0.0":
  version: 3.0.0
  resolution: "@changesets/get-dependents-graph@npm:3.0.0"
  dependencies:
    "@changesets/types": "npm:^7.0.0"
    semver: "npm:^7.8.1"
  checksum: 10c0/ab675098db0b92f61115952fb793620bb5b76e502bad5f7f63bcc85a50e5515f70e08957be87381a58141ab2078bf94dd92df86efa55e73227e7604ba6a3968b
  languageName: node
  linkType: hard

"@changesets/get-release-plan@npm:5.0.2":
  version: 5.0.2
  resolution: "@changesets/get-release-plan@npm:5.0.2"
  dependencies:
    "@changesets/assemble-release-plan": "npm:^7.0.0"
    "@changesets/config": "npm:^4.0.1"
    "@changesets/pre": "npm:^3.0.0"
    "@changesets/read": "npm:^1.0.1"
    "@changesets/types": "npm:^7.0.0"
    "@manypkg/get-packages": "npm:^3.1.0"
  checksum: 10c0/1c79db0a5630b2b71cd27ecd1b410c9670eb256c9345d0636cc1d1727ce2ace1e7200055d27fa4bc0656f98561b6df195a238cd6d98fb7408d967422b52b37b3
  languageName: node
  linkType: hard

"@changesets/git@npm:4.0.1, @changesets/git@npm:^4.0.1":
  version: 4.0.1
  resolution: "@changesets/git@npm:4.0.1"
  dependencies:
    "@changesets/errors": "npm:^1.0.0"
    "@changesets/types": "npm:^7.0.0"
    "@manypkg/get-packages": "npm:^3.1.0"
    picomatch: "npm:^4.0.4"
    tinyexec: "npm:^1.3.0"
  checksum: 10c0/b548ecfafb238ff477a793e4ee91c1fe818274b9ea5b6d5a9d619f75a915ad27831f2accf2edce77da57f918bf1009b59cca2c5aaa7288db4b266f87872c2c23
  languageName: node
  linkType: hard

"@changesets/parse@npm:1.0.0, @changesets/parse@npm:^1.0.0":
  version: 1.0.0
  resolution: "@changesets/parse@npm:1.0.0"
  dependencies:
    "@changesets/types": "npm:^7.0.0"
    yaml: "npm:^2.9.0"
  checksum: 10c0/76e93b099015420dfc08f3e3a9321ea2512659d8946d1ed86de64899b52d37faa87173cc80ead5d313ffce2f829ce380a0188c0a1cccaad48350e7c6a83720d0
  languageName: node
  linkType: hard

"@changesets/pre@npm:^3.0.0":
  version: 3.0.0
  resolution: "@changesets/pre@npm:3.0.0"
  dependencies:
    "@changesets/errors": "npm:^1.0.0"
    "@changesets/types": "npm:^7.0.0"
    "@manypkg/get-packages": "npm:^3.1.0"
  checksum: 10c0/56e49668f25cabf50dcab12b6ae20fd7dbeba628390149d38a9075b05c41b954d4fbcebe7535878087c5f0b707ce96b90b727286850c71d6d321477bd1a1c18e
  languageName: node
  linkType: hard

"@changesets/read@npm:^1.0.1":
  version: 1.0.1
  resolution: "@changesets/read@npm:1.0.1"
  dependencies:
    "@changesets/git": "npm:^4.0.1"
    "@changesets/parse": "npm:^1.0.0"
    "@changesets/types": "npm:^7.0.0"
  checksum: 10c0/125de7132b71e9c184f35ec0ad4d23b9accb0aa04d178c835ef575fbf12afbed2fd2d975e987ebb70c007c9a08dc97a267123ba515a4c2f4f070279ad8193f46
  languageName: node
  linkType: hard

"@changesets/should-skip-package@npm:^1.0.0":
  version: 1.0.0
  resolution: "@changesets/should-skip-package@npm:1.0.0"
  dependencies:
    "@changesets/types": "npm:^7.0.0"
  checksum: 10c0/9beb51e7a6a6d678fbfe60efca4646d7daf117ffb90d3dbe3e8b07806f87383cf2a49b0e15b5fe2b827b69f61c0cf7cb77c4bf27b403c2ce835c5ba7990ed0e5
  languageName: node
  linkType: hard

"@changesets/types@npm:7.0.0, @changesets/types@npm:^7.0.0":
  version: 7.0.0
  resolution: "@changesets/types@npm:7.0.0"
  checksum: 10c0/494e09ff94968c1c81521f5ac8c6ab60a1e30d7d0cd9ea7f83c2cbac92efba38b03e008ee6fb4592d90b05d69bad864b6ae8155827d52a51c652f5c24d36ec83
  languageName: node
  linkType: hard

"@cspotcode/source-map-support@npm:^0.8.0":
  version: 0.8.1
  resolution: "@cspotcode/source-map-support@npm:0.8.1"
  dependencies:
    "@jridgewell/trace-mapping": "npm:0.3.9"
  checksum: 10c0/05c5368c13b662ee4c122c7bfbe5dc0b613416672a829f3e78bc49a357a197e0218d6e74e7c66cfcd04e15a179acab080bd3c69658c9fbefd0e1ccd950a07fc6
  languageName: node
  linkType: hard

"@jridgewell/resolve-uri@npm:^3.0.3":
  version: 3.1.0
  resolution: "@jridgewell/resolve-uri@npm:3.1.0"
  checksum: 10c0/78055e2526108331126366572045355051a930f017d1904a4f753d3f4acee8d92a14854948095626f6163cffc24ea4e3efa30637417bb866b84743dec7ef6fd9
  languageName: node
  linkType: hard

"@jridgewell/sourcemap-codec@npm:^1.4.10":
  version: 1.4.14
  resolution: "@jridgewell/sourcemap-codec@npm:1.4.14"
  checksum: 10c0/3fbaff1387c1338b097eeb6ff92890d7838f7de0dde259e4983763b44540bfd5ca6a1f7644dc8ad003a57f7e80670d5b96a8402f1386ba9aee074743ae9bad51
  languageName: node
  linkType: hard

"@jridgewell/trace-mapping@npm:0.3.9":
  version: 0.3.9
  resolution: "@jridgewell/trace-mapping@npm:0.3.9"
  dependencies:
    "@jridgewell/resolve-uri": "npm:^3.0.3"
    "@jridgewell/sourcemap-codec": "npm:^1.4.10"
  checksum: 10c0/fa425b606d7c7ee5bfa6a31a7b050dd5814b4082f318e0e4190f991902181b4330f43f4805db1dd4f2433fd0ed9cc7a7b9c2683f1deeab1df1b0a98b1e24055b
  languageName: node
  linkType: hard

"@manypkg/find-root@npm:^3.1.0":
  version: 3.1.0
  resolution: "@manypkg/find-root@npm:3.1.0"
  dependencies:
    "@manypkg/tools": "npm:^2.1.0"
  checksum: 10c0/15b3f5c5c66881af88c1c70dcec805237a2b7e1d541ca7687aade00978680024f8e77ca2f4bac1415e00377f2e78a998d842c345c288d3e69383d50280620b1c
  languageName: node
  linkType: hard

"@manypkg/get-packages@npm:^3.1.0":
  version: 3.1.0
  resolution: "@manypkg/get-packages@npm:3.1.0"
  dependencies:
    "@manypkg/find-root": "npm:^3.1.0"
    "@manypkg/tools": "npm:^2.1.0"
  checksum: 10c0/e8baabd85a13f4537ae22124d5e53f1523ba0653f33006da45fc8bd642e0134786a6aad9d0a7ed99282ae20a80687ef5700bd72980441627b5c96658503ad83d
  languageName: node
  linkType: hard

"@manypkg/tools@npm:^2.1.0":
  version: 2.1.2
  resolution: "@manypkg/tools@npm:2.1.2"
  dependencies:
    jju: "npm:^1.4.0"
    tinyglobby: "npm:^0.2.13"
    yaml: "npm:^2.9.0"
  checksum: 10c0/05c8ece3b3b3ff170765ecf230f0a5408543f1ad43f8b5dc97651adff0ffed3d860dabdd1e2d1068aa247832d473c4de583791675b8f3d07568da4cab2a0ebc3
  languageName: node
  linkType: hard

"@tsconfig/node10@npm:^1.0.7":
  version: 1.0.8
  resolution: "@tsconfig/node10@npm:1.0.8"
  checksum: 10c0/d400f7b5c02acd74620f892c0f41cea39e7c1b5f7f272ad6f127f4b1fba23346b2d8e30d272731a733675494145f6aa74f9faf050390c034c7c553123ab979b3
  languageName: node
  linkType: hard

"@tsconfig/node12@npm:^1.0.7":
  version: 1.0.9
  resolution: "@tsconfig/node12@npm:1.0.9"
  checksum: 10c0/fc1fb68a89d8a641953036d23d95fe68f69f74d37a499db20791b09543ad23afe7ae9ee0840eea92dd470bdcba69eef6f1ed3fe90ba64d763bcd3f738e364597
  languageName: node
  linkType: hard

"@tsconfig/node14@npm:^1.0.0":
  version: 1.0.1
  resolution: "@tsconfig/node14@npm:1.0.1"
  checksum: 10c0/abd4e27d9ad712e1e229716a3dbf35d5cbb580d624a82d67414e7606cefd85d502e58800a2ab930d46a428fcfcb199436283b1a88e47d738ca1a5f7fd022ee74
  languageName: node
  linkType: hard

"@tsconfig/node16@npm:^1.0.2":
  version: 1.0.2
  resolution: "@tsconfig/node16@npm:1.0.2"
  checksum: 10c0/d402706562444a173d48810d13fdf866c78f1b876ed8962eeac6c7cddf4e29e8aaa06dc28093219e3e9eb6316799cf4d9a7acba62c6a4e215ee0c94d83f9081f
  languageName: node
  linkType: hard

"@types/node@npm:22.20.5":
  version: 22.20.5
  resolution: "@types/node@npm:22.20.5"
  dependencies:
    undici-types: "npm:~6.21.0"
  checksum: 10c0/0cf61a89c6a69917ab49f976a6bb11a29e3b348a6ae19f5827ceb91d3ade781faab58dcf3b8fa625f975f5d7536b9166ff94e8250c29272c667164f77c28fa88
  languageName: node
  linkType: hard

"acorn-walk@npm:^8.1.1":
  version: 8.2.0
  resolution: "acorn-walk@npm:8.2.0"
  checksum: 10c0/dbe92f5b2452c93e960c5594e666dd1fae141b965ff2cb4a1e1d0381e3e4db4274c5ce4ffa3d681a86ca2a8d4e29d5efc0670a08e23fd2800051ea387df56ca2
  languageName: node
  linkType: hard

"acorn@npm:^8.4.1":
  version: 8.5.0
  resolution: "acorn@npm:8.5.0"
  bin:
    acorn: bin/acorn
  checksum: 10c0/a0cd0009d215df0c5a6c69ea40a5e784114f1b89d5649d663264ccbb855d4c6b6da6936fed607078b7d681bd8d8f2e730dad25931edbdef709bc4b520c0caa80
  languageName: node
  linkType: hard

"arg@npm:^4.1.0":
  version: 4.1.3
  resolution: "arg@npm:4.1.3"
  checksum: 10c0/070ff801a9d236a6caa647507bdcc7034530604844d64408149a26b9e87c2f97650055c0f049abd1efc024b334635c01f29e0b632b371ac3f26130f4cf65997a
  languageName: node
  linkType: hard

"create-require@npm:^1.1.0":
  version: 1.1.1
  resolution: "create-require@npm:1.1.1"
  checksum: 10c0/157cbc59b2430ae9a90034a5f3a1b398b6738bf510f713edc4d4e45e169bc514d3d99dd34d8d01ca7ae7830b5b8b537e46ae8f3c8f932371b0875c0151d7ec91
  languageName: node
  linkType: hard

"diff@npm:^4.0.1":
  version: 4.0.2
  resolution: "diff@npm:4.0.2"
  checksum: 10c0/81b91f9d39c4eaca068eb0c1eb0e4afbdc5bb2941d197f513dd596b820b956fef43485876226d65d497bebc15666aa2aa82c679e84f65d5f2bfbf14ee46e32c1
  languageName: node
  linkType: hard

"fdir@npm:^6.5.0":
  version: 6.5.0
  resolution: "fdir@npm:6.5.0"
  peerDependencies:
    picomatch: ^3 || ^4
  peerDependenciesMeta:
    picomatch:
      optional: true
  checksum: 10c0/e345083c4306b3aed6cb8ec551e26c36bab5c511e99ea4576a16750ddc8d3240e63826cc624f5ae17ad4dc82e68a253213b60d556c11bfad064b7607847ed07f
  languageName: node
  linkType: hard

"jju@npm:^1.4.0":
  version: 1.4.0
  resolution: "jju@npm:1.4.0"
  checksum: 10c0/f3f444557e4364cfc06b1abf8331bf3778b26c0c8552ca54429bc0092652172fdea26cbffe33e1017b303d5aa506f7ede8571857400efe459cb7439180e2acad
  languageName: node
  linkType: hard

"make-error@npm:^1.1.1":
  version: 1.3.6
  resolution: "make-error@npm:1.3.6"
  checksum: 10c0/171e458d86854c6b3fc46610cfacf0b45149ba043782558c6875d9f42f222124384ad0b468c92e996d815a8a2003817a710c0a160e49c1c394626f76fa45396f
  languageName: node
  linkType: hard

"picomatch@npm:^4.0.4, picomatch@npm:^4.0.7":
  version: 4.0.7
  resolution: "picomatch@npm:4.0.7"
  checksum: 10c0/beb6ae02c43ae44e84883b90830196d9046b1726ead292adcf7f57945e0bb0d992d68563d87e03b484b6f3c9a5c6defda7523477f047d7f0e663f126cc01787f
  languageName: node
  linkType: hard

"scripts@workspace:.":
  version: 0.0.0-use.local
  resolution: "scripts@workspace:."
  dependencies:
    "@changesets/get-release-plan": "npm:5.0.2"
    "@changesets/git": "npm:4.0.1"
    "@changesets/parse": "npm:1.0.0"
    "@changesets/types": "npm:7.0.0"
    "@types/node": "npm:22.20.5"
    ts-node: "npm:10.9.2"
    typescript: "npm:6.0.3"
  languageName: unknown
  linkType: soft

"semver@npm:^7.8.1":
  version: 7.8.5
  resolution: "semver@npm:7.8.5"
  bin:
    semver: bin/semver.js
  checksum: 10c0/b1f3127a5be8125a94f37188b361c212466c292c6910adce3ec106cff5dc211ccaedc4739c11bb70fda59d6fc1f040a9bca289f4e093451521a2372e5231fe0c
  languageName: node
  linkType: hard

"tinyexec@npm:^1.3.0":
  version: 1.3.1
  resolution: "tinyexec@npm:1.3.1"
  checksum: 10c0/c590369cb3fa73cc18a3998caec8a00f9712d91309c881be3ac52b160fb2f80c7b1fbf3591858ab6abab47ad55385b0c86ec19982e32441a01f55298dab9ccd2
  languageName: node
  linkType: hard

"tinyglobby@npm:^0.2.13":
  version: 0.2.17
  resolution: "tinyglobby@npm:0.2.17"
  dependencies:
    fdir: "npm:^6.5.0"
    picomatch: "npm:^4.0.4"
  checksum: 10c0/7f7bb0f197c88bc4b20c231e0deca4240ca3bf313a88f5a7fee93a872b84966a4d50220947c0455ad07a60b3b360961c5b7fd979222aeb716a9f99b412002e4c
  languageName: node
  linkType: hard

"ts-node@npm:10.9.2":
  version: 10.9.2
  resolution: "ts-node@npm:10.9.2"
  dependencies:
    "@cspotcode/source-map-support": "npm:^0.8.0"
    "@tsconfig/node10": "npm:^1.0.7"
    "@tsconfig/node12": "npm:^1.0.7"
    "@tsconfig/node14": "npm:^1.0.0"
    "@tsconfig/node16": "npm:^1.0.2"
    acorn: "npm:^8.4.1"
    acorn-walk: "npm:^8.1.1"
    arg: "npm:^4.1.0"
    create-require: "npm:^1.1.0"
    diff: "npm:^4.0.1"
    make-error: "npm:^1.1.1"
    v8-compile-cache-lib: "npm:^3.0.1"
    yn: "npm:3.1.1"
  peerDependencies:
    "@swc/core": ">=1.2.50"
    "@swc/wasm": ">=1.2.50"
    "@types/node": "*"
    typescript: ">=2.7"
  peerDependenciesMeta:
    "@swc/core":
      optional: true
    "@swc/wasm":
      optional: true
  bin:
    ts-node: dist/bin.js
    ts-node-cwd: dist/bin-cwd.js
    ts-node-esm: dist/bin-esm.js
    ts-node-script: dist/bin-script.js
    ts-node-transpile-only: dist/bin-transpile.js
    ts-script: dist/bin-script-deprecated.js
  checksum: 10c0/5f29938489f96982a25ba650b64218e83a3357d76f7bede80195c65ab44ad279c8357264639b7abdd5d7e75fc269a83daa0e9c62fd8637a3def67254ecc9ddc2
  languageName: node
  linkType: hard

"typescript@npm:6.0.3":
  version: 6.0.3
  resolution: "typescript@npm:6.0.3"
  bin:
    tsc: bin/tsc
    tsserver: bin/tsserver
  checksum: 10c0/4a25ff5045b984370f48f196b3a0120779b1b343d40b9a68d114ea5e5fff099809b2bb777576991a63a5cd59cf7bffd96ff6fe10afcefbcb8bd6fb96ad4b6606
  languageName: node
  linkType: hard

"typescript@patch:typescript@npm%3A6.0.3#optional!builtin<compat/typescript>":
  version: 6.0.3
  resolution: "typescript@patch:typescript@npm%3A6.0.3#optional!builtin<compat/typescript>::version=6.0.3&hash=5786d5"
  bin:
    tsc: bin/tsc
    tsserver: bin/tsserver
  checksum: 10c0/2f25c74e65663c248fa1ade2b8459d9ce5372ff9dad07067310f132966ebec1d93f6c42f0baf77a6b6a7a91460463f708e6887013aaade22111037457c6b25df
  languageName: node
  linkType: hard

"undici-types@npm:~6.21.0":
  version: 6.21.0
  resolution: "undici-types@npm:6.21.0"
  checksum: 10c0/c01ed51829b10aa72fc3ce64b747f8e74ae9b60eafa19a7b46ef624403508a54c526ffab06a14a26b3120d055e1104d7abe7c9017e83ced038ea5cf52f8d5e04
  languageName: node
  linkType: hard

"v8-compile-cache-lib@npm:^3.0.1":
  version: 3.0.1
  resolution: "v8-compile-cache-lib@npm:3.0.1"
  checksum: 10c0/bdc36fb8095d3b41df197f5fb6f11e3a26adf4059df3213e3baa93810d8f0cc76f9a74aaefc18b73e91fe7e19154ed6f134eda6fded2e0f1c8d2272ed2d2d391
  languageName: node
  linkType: hard

"yaml@npm:^2.9.0":
  version: 2.9.1
  resolution: "yaml@npm:2.9.1"
  bin:
    yaml: bin.mjs
  checksum: 10c0/9d06676ef02b89559a8b10a71882bd2cdae81e8393dc8dbc871615c3259475d9609ad973d19cb3c9e71e72d6206e3d1e7aa241c7e55f3d16fd2e77db305827d6
  languageName: node
  linkType: hard

"yn@npm:3.1.1":
  version: 3.1.1
  resolution: "yn@npm:3.1.1"
  checksum: 10c0/0732468dd7622ed8a274f640f191f3eaf1f39d5349a1b72836df484998d7d9807fbea094e2f5486d6b0cd2414aad5775972df0e68f8604db89a239f0f4bf7443
  languageName: node
  linkType: hard
